{
  "name": "Math Reading AI",
  "version": "1.0.0",
  "lockfileVersion": 1,
  "requires": true,
  "dependencies": {
    "algebra.js": {
      "version": "0.2.6",
      "resolved": "https://registry.npmjs.org/algebra.js/-/algebra.js-0.2.6.tgz",
      "integrity": "sha1-I6rMhvhjTkwgbVbIB37yIKYiHHQ="
    },
    "index.js": {
      "version": "0.0.3",
      "resolved": "https://registry.npmjs.org/index.js/-/index.js-0.0.3.tgz",
      "integrity": "sha1-JzOx9IbciQ7QJpiQJPWC2DXFI6w="
    }
  }
}
